// !$*UTF8*$!
{
	archiveVersion = 1;
	classes = {
	};
	objectVersion = 50;
	objects = {

/* Begin PBXBuildFile section */
		044D8C1E2561F17C00FC4235 /* AppDelegate.swift in Sources */ = {isa = PBXBuildFile; fileRef = 044D8C1D2561F17C00FC4235 /* AppDelegate.swift */; };
		044D8C202561F17C00FC4235 /* SceneDelegate.swift in Sources */ = {isa = PBXBuildFile; fileRef = 044D8C1F2561F17C00FC4235 /* SceneDelegate.swift */; };
		044D8C222561F17C00FC4235 /* ViewController.swift in Sources */ = {isa = PBXBuildFile; fileRef = 044D8C212561F17C00FC4235 /* ViewController.swift */; };
		044D8C252561F17C00FC4235 /* Main.storyboard in Resources */ = {isa = PBXBuildFile; fileRef = 044D8C232561F17C00FC4235 /* Main.storyboard */; };
		044D8C272561F18300FC4235 /* Assets.xcassets in Resources */ = {isa = PBXBuildFile; fileRef = 044D8C262561F18300FC4235 /* Assets.xcassets */; };
		044D8C2A2561F18300FC4235 /* LaunchScreen.storyboard in Resources */ = {isa = PBXBuildFile; fileRef = 044D8C282561F18300FC4235 /* LaunchScreen.storyboard */; };
		044D8C352561F18400FC4235 /* ParstagramTests.swift in Sources */ = {isa = PBXBuildFile; fileRef = 044D8C342561F18400FC4235 /* ParstagramTests.swift */; };
		044D8C402561F18400FC4235 /* ParstagramUITests.swift in Sources */ = {isa = PBXBuildFile; fileRef = 044D8C3F2561F18400FC4235 /* ParstagramUITests.swift */; };
/* End PBXBuildFile section */

/* Begin PBXContainerItemProxy section */
		044D8C312561F18400FC4235 /* PBXContainerItemProxy */ = {
			isa = PBXContainerItemProxy;
			containerPortal = 044D8C122561F17C00FC4235 /* Project object */;
			proxyType = 1;
			remoteGlobalIDString = 044D8C192561F17C00FC4235;
			remoteInfo = Parstagram;
		};
		044D8C3C2561F18400FC4235 /* PBXContainerItemProxy */ = {
			isa = PBXContainerItemProxy;
			containerPortal = 044D8C122561F17C00FC4235 /* Project object */;
			proxyType = 1;
			remoteGlobalIDString = 044D8C192561F17C00FC4235;
			remoteInfo = Parstagram;
		};
/* End PBXContainerItemProxy section */

/* Begin PBXFileReference section */
		044D8C1A2561F17C00FC4235 /* Parstagram.app */ = {isa = PBXFileReference; explicitFileType = wrapper.application; includeInIndex = 0; path = Parstagram.app; sourceTree = BUILT_PRODUCTS_DIR; };
		044D8C1D2561F17C00FC4235 /* AppDelegate.swift */ = {isa = PBXFileReference; lastKnownFileType = sourcecode.swift; path = AppDelegate.swift; sourceTree = "<group>"; };
		044D8C1F2561F17C00FC4235 /* SceneDelegate.swift */ = {isa = PBXFileReference; lastKnownFileType = sourcecode.swift; path = SceneDelegate.swift; sourceTree = "<group>"; };
		044D8C212561F17C00FC4235 /* ViewController.swift */ = {isa = PBXFileReference; lastKnownFileType = sourcecode.swift; path = ViewController.swift; sourceTree = "<group>"; };
		044D8C242561F17C00FC4235 /* Base */ = {isa = PBXFileReference; lastKnownFileType = file.storyboard; name = Base; path = Base.lproj/Main.storyboard; sourceTree = "<group>"; };
		044D8C262561F18300FC4235 /* Assets.xcassets */ = {isa = PBXFileReference; lastKnownFileType = folder.assetcatalog; path = Assets.xcassets; sourceTree = "<group>"; };
		044D8C292561F18300FC4235 /* Base */ = {isa = PBXFileReference; lastKnownFileType = file.storyboard; name = Base; path = Base.lproj/LaunchScreen.storyboard; sourceTree = "<group>"; };
		044D8C2B2561F18300FC4235 /* Info.plist */ = {isa = PBXFileReference; lastKnownFileType = text.plist.xml; path = Info.plist; sourceTree = "<group>"; };
		044D8C302561F18400FC4235 /* ParstagramTests.xctest */ = {isa = PBXFileReference; explicitFileType = wrapper.cfbundle; includeInIndex = 0; path = ParstagramTests.xctest; sourceTree = BUILT_PRODUCTS_DIR; };
		044D8C342561F18400FC4235 /* ParstagramTests.swift */ = {isa = PBXFileReference; lastKnownFileType = sourcecode.swift; path = ParstagramTests.swift; sourceTree = "<group>"; };
		044D8C362561F18400FC4235 /* Info.plist */ = {isa = PBXFileReference; lastKnownFileType = text.plist.xml; path = Info.plist; sourceTree = "<group>"; };
		044D8C3B2561F18400FC4235 /* ParstagramUITests.xctest */ = {isa = PBXFileReference; explicitFileType = wrapper.cfbundle; includeInIndex = 0; path = ParstagramUITests.xctest; sourceTree = BUILT_PRODUCTS_DIR; };
		044D8C3F2561F18400FC4235 /* ParstagramUITests.swift */ = {isa = PBXFileReference; lastKnownFileType = sourcecode.swift; path = ParstagramUITests.swift; sourceTree = "<group>"; };
		044D8C412561F18400FC4235 /* Info.plist */ = {isa = PBXFileReference; lastKnownFileType = text.plist.xml; path = Info.plist; sourceTree = "<group>"; };
/* End PBXFileReference section */

/* Begin PBXFrameworksBuildPhase section */
		044D8C172561F17C00FC4235 /* Frameworks */ = {
			isa = PBXFrameworksBuildPhase;
			buildActionMask = 2147483647;
			files = (
			);
			runOnlyForDeploymentPostprocessing = 0;
		};
		044D8C2D2561F18400FC4235 /* Frameworks */ = {
			isa = PBXFrameworksBuildPhase;
			buildActionMask = 2147483647;
			files = (
			);
			runOnlyForDeploymentPostprocessing = 0;
		};
		044D8C382561F18400FC4235 /* Frameworks */ = {
			isa = PBXFrameworksBuildPhase;
			buildActionMask = 2147483647;
			files = (
			);
			runOnlyForDeploymentPostprocessing = 0;
		};
/* End PBXFrameworksBuildPhase section */

/* Begin PBXGroup section */
		044D8C112561F17C00FC4235 = {
			isa = PBXGroup;
			children = (
				044D8C1C2561F17C00FC4235 /* Parstagram */,
				044D8C332561F18400FC4235 /* ParstagramTests */,
				044D8C3E2561F18400FC4235 /* ParstagramUITests */,
				044D8C1B2561F17C00FC4235 /* Products */,
			);
			sourceTree = "<group>";
		};
		044D8C1B2561F17C00FC4235 /* Products */ = {
			isa = PBXGroup;
			children = (
				044D8C1A2561F17C00FC4235 /* Parstagram.app */,
				044D8C302561F18400FC4235 /* ParstagramTests.xctest */,
				044D8C3B2561F18400FC4235 /* ParstagramUITests.xctest */,
			);
			name = Products;
			sourceTree = "<group>";
		};
		044D8C1C2561F17C00FC4235 /* Parstagram */ = {
			isa = PBXGroup;
			children = (
				044D8C1D2561F17C00FC4235 /* AppDelegate.swift */,
				044D8C1F2561F17C00FC4235 /* SceneDelegate.swift */,
				044D8C212561F17C00FC4235 /* ViewController.swift */,
				044D8C232561F17C00FC4235 /* Main.storyboard */,
				044D8C262561F18300FC4235 /* Assets.xcassets */,
				044D8C282561F18300FC4235 /* LaunchScreen.storyboard */,
				044D8C2B2561F18300FC4235 /* Info.plist */,
			);
			path = Parstagram;
			sourceTree = "<group>";
		};
		044D8C332561F18400FC4235 /* ParstagramTests */ = {
			isa = PBXGroup;
			children = (
				044D8C342561F18400FC4235 /* ParstagramTests.swift */,
				044D8C362561F18400FC4235 /* Info.plist */,
			);
			path = ParstagramTests;
			sourceTree = "<group>";
		};
		044D8C3E2561F18400FC4235 /* ParstagramUITests */ = {
			isa = PBXGroup;
			children = (
				044D8C3F2561F18400FC4235 /* ParstagramUITests.swift */,
				044D8C412561F18400FC4235 /* Info.plist */,
			);
			path = ParstagramUITests;
			sourceTree = "<group>";
		};
/* End PBXGroup section */

/* Begin PBXNativeTarget section */
		044D8C192561F17C00FC4235 /* Parstagram */ = {
			isa = PBXNativeTarget;
			buildConfigurationList = 044D8C442561F18400FC4235 /* Build configuration list for PBXNativeTarget "Parstagram" */;
			buildPhases = (
				044D8C162561F17C00FC4235 /* Sources */,
				044D8C172561F17C00FC4235 /* Frameworks */,
				044D8C182561F17C00FC4235 /* Resources */,
			);
			buildRules = (
			);
			dependencies = (
			);
			name = Parstagram;
			productName = Parstagram;
			productReference = 044D8C1A2561F17C00FC4235 /* Parstagram.app */;
			productType = "com.apple.product-type.application";
		};
		044D8C2F2561F18400FC4235 /* ParstagramTests */ = {
			isa = PBXNativeTarget;
			buildConfigurationList = 044D8C472561F18400FC4235 /* Build configuration list for PBXNativeTarget "ParstagramTests" */;
			buildPhases = (
				044D8C2C2561F18400FC4235 /* Sources */,
				044D8C2D2561F18400FC4235 /* Frameworks */,
				044D8C2E2561F18400FC4235 /* Resources */,
			);
			buildRules = (
			);
			dependencies = (
				044D8C322561F18400FC4235 /* PBXTargetDependency */,
			);
			name = ParstagramTests;
			productName = ParstagramTests;
			productReference = 044D8C302561F18400FC4235 /* ParstagramTests.xctest */;
			productType = "com.apple.product-type.bundle.unit-test";
		};
		044D8C3A2561F18400FC4235 /* ParstagramUITests */ = {
			isa = PBXNativeTarget;
			buildConfigurationList = 044D8C4A2561F18400FC4235 /* Build configuration list for PBXNativeTarget "ParstagramUITests" */;
			buildPhases = (
				044D8C372561F18400FC4235 /* Sources */,
				044D8C382561F18400FC4235 /* Frameworks */,
				044D8C392561F18400FC4235 /* Resources */,
			);
			buildRules = (
			);
			dependencies = (
				044D8C3D2561F18400FC4235 /* PBXTargetDependency */,
			);
			name = ParstagramUITests;
			productName = ParstagramUITests;
			productReference = 044D8C3B2561F18400FC4235 /* ParstagramUITests.xctest */;
			productType = "com.apple.product-type.bundle.ui-testing";
		};
/* End PBXNativeTarget section */

/* Begin PBXProject section */
		044D8C122561F17C00FC4235 /* Project object */ = {
			isa = PBXProject;
			attributes = {
				LastSwiftUpdateCheck = 1160;
				LastUpgradeCheck = 1160;
				ORGANIZATIONNAME = KhalidIOS;
				TargetAttributes = {
					044D8C192561F17C00FC4235 = {
						CreatedOnToolsVersion = 11.6;
					};
					044D8C2F2561F18400FC4235 = {
						CreatedOnToolsVersion = 11.6;
						TestTargetID = 044D8C192561F17C00FC4235;
					};
					044D8C3A2561F18400FC4235 = {
						CreatedOnToolsVersion = 11.6;
						TestTargetID = 044D8C192561F17C00FC4235;
					};
				};
			};
			buildConfigurationList = 044D8C152561F17C00FC4235 /* Build configuration list for PBXProject "Parstagram" */;
			compatibilityVersion = "Xcode 9.3";
			developmentRegion = en;
			hasScannedForEncodings = 0;
			knownRegions = (
				en,
				Base,
			);
			mainGroup = 044D8C112561F17C00FC4235;
			productRefGroup = 044D8C1B2561F17C00FC4235 /* Products */;
			projectDirPath = "";
			projectRoot = "";
			targets = (
				044D8C192561F17C00FC4235 /* Parstagram */,
				044D8C2F2561F18400FC4235 /* ParstagramTests */,
				044D8C3A2561F18400FC4235 /* ParstagramUITests */,
			);
		};
/* End PBXProject section */

/* Begin PBXResourcesBuildPhase section */
		044D8C182561F17C00FC4235 /* Resources */ = {
			isa = PBXResourcesBuildPhase;
			buildActionMask = 2147483647;
			files = (
				044D8C2A2561F18300FC4235 /* LaunchScreen.storyboard in Resources */,
				044D8C272561F18300FC4235 /* Assets.xcassets in Resources */,
				044D8C252561F17C00FC4235 /* Main.storyboard in Resources */,
			);
			runOnlyForDeploymentPostprocessing = 0;
		};
		044D8C2E2561F18400FC4235 /* Resources */ = {
			isa = PBXResourcesBuildPhase;
			buildActionMask = 2147483647;
			files = (
			);
			runOnlyForDeploymentPostprocessing = 0;
		};
		044D8C392561F18400FC4235 /* Resources */ = {
			isa = PBXResourcesBuildPhase;
			buildActionMask = 2147483647;
			files = (
			);
			runOnlyForDeploymentPostprocessing = 0;
		};
/* End PBXResourcesBuildPhase section */

/* Begin PBXSourcesBuildPhase section */
		044D8C162561F17C00FC4235 /* Sources */ = {
			isa = PBXSourcesBuildPhase;
			buildActionMask = 2147483647;
			files = (
				044D8C222561F17C00FC4235 /* ViewController.swift in Sources */,
				044D8C1E2561F17C00FC4235 /* AppDelegate.swift in Sources */,
				044D8C202561F17C00FC4235 /* SceneDelegate.swift in Sources */,
			);
			runOnlyForDeploymentPostprocessing = 0;
		};
		044D8C2C2561F18400FC4235 /* Sources */ = {
			isa = PBXSourcesBuildPhase;
			buildActionMask = 2147483647;
			files = (
				044D8C352561F18400FC4235 /* ParstagramTests.swift in Sources */,
			);
			runOnlyForDeploymentPostprocessing = 0;
		};
		044D8C372561F18400FC4235 /* Sources */ = {
			isa = PBXSourcesBuildPhase;
			buildActionMask = 2147483647;
			files = (
				044D8C402561F18400FC4235 /* ParstagramUITests.swift in Sources */,
			);
			runOnlyForDeploymentPostprocessing = 0;
		};
/* End PBXSourcesBuildPhase section */

/* Begin PBXTargetDependency section */
		044D8C322561F18400FC4235 /* PBXTargetDependency */ = {
			isa = PBXTargetDependency;
			target = 044D8C192561F17C00FC4235 /* Parstagram */;
			targetProxy = 044D8C312561F18400FC4235 /* PBXContainerItemProxy */;
		};
		044D8C3D2561F18400FC4235 /* PBXTargetDependency */ = {
			isa = PBXTargetDependency;
			target = 044D8C192561F17C00FC4235 /* Parstagram */;
			targetProxy = 044D8C3C2561F18400FC4235 /* PBXContainerItemProxy */;
		};
/* End PBXTargetDependency section */

/* Begin PBXVariantGroup section */
		044D8C232561F17C00FC4235 /* Main.storyboard */ = {
			isa = PBXVariantGroup;
			children = (
				044D8C242561F17C00FC4235 /* Base */,
			);
			name = Main.storyboard;
			sourceTree = "<group>";
		};
		044D8C282561F18300FC4235 /* LaunchScreen.storyboard */ = {
			isa = PBXVariantGroup;
			children = (
				044D8C292561F18300FC4235 /* Base */,
			);
			name = LaunchScreen.storyboard;
			sourceTree = "<group>";
		};
/* End PBXVariantGroup section */

/* Begin XCBuildConfiguration section */
		044D8C422561F18400FC4235 /* Debug */ = {
			isa = XCBuildConfiguration;
			buildSettings = {
				ALWAYS_SEARCH_USER_PATHS = NO;
				CLANG_ANALYZER_NONNULL = YES;
				CLANG_ANALYZER_NUMBER_OBJECT_CONVERSION = YES_AGGRESSIVE;
				CLANG_CXX_LANGUAGE_STANDARD = "gnu++14";
				CLANG_CXX_LIBRARY = "libc++";
				CLANG_ENABLE_MODULES = YES;
				CLANG_ENABLE_OBJC_ARC = YES;
				CLANG_ENABLE_OBJC_WEAK = YES;
				CLANG_WARN_BLOCK_CAPTURE_AUTORELEASING = YES;
				CLANG_WARN_BOOL_CONVERSION = YES;
				CLANG_WARN_COMMA = YES;
				CLANG_WARN_CONSTANT_CONVERSION = YES;
				CLANG_WARN_DEPRECATED_OBJC_IMPLEMENTATIONS = YES;
				CLANG_WARN_DIRECT_OBJC_ISA_USAGE = YES_ERROR;
				CLANG_WARN_DOCUMENTATION_COMMENTS = YES;
				CLANG_WARN_EMPTY_BODY = YES;
				CLANG_WARN_ENUM_CONVERSION = YES;
				CLANG_WARN_INFINITE_RECURSION = YES;
				CLANG_WARN_INT_CONVERSION = YES;
				CLANG_WARN_NON_LITERAL_NULL_CONVERSION = YES;
				CLANG_WARN_OBJC_IMPLICIT_RETAIN_SELF = YES;
				CLANG_WARN_OBJC_LITERAL_CONVERSION = YES;
				CLANG_WARN_OBJC_ROOT_CLASS = YES_ERROR;
				CLANG_WARN_RANGE_LOOP_ANALYSIS = YES;
				CLANG_WARN_STRICT_PROTOTYPES = YES;
				CLANG_WARN_SUSPICIOUS_MOVE = YES;
				CLANG_WARN_UNGUARDED_AVAILABILITY = YES_AGGRESSIVE;
				CLANG_WARN_UNREACHABLE_CODE = YES;
				CLANG_WARN__DUPLICATE_METHOD_MATCH = YES;
				COPY_PHASE_STRIP = NO;
				DEBUG_INFORMATION_FORMAT = dwarf;
				ENABLE_STRICT_OBJC_MSGSEND = YES;
				ENABLE_TESTABILITY = YES;
				GCC_C_LANGUAGE_STANDARD = gnu11;
				GCC_DYNAMIC_NO_PIC = NO;
				GCC_NO_COMMON_BLOCKS = YES;
				GCC_OPTIMIZATION_LEVEL = 0;
				GCC_PREPROCESSOR_DEFINITIONS = (
					"DEBUG=1",
					"$(inherited)",
				);
				GCC_WARN_64_TO_32_BIT_CONVERSION = YES;
				GCC_WARN_ABOUT_RETURN_TYPE = YES_ERROR;
				GCC_WARN_UNDECLARED_SELECTOR = YES;
				GCC_WARN_UNINITIALIZED_AUTOS = YES_AGGRESSIVE;
				GCC_WARN_UNUSED_FUNCTION = YES;
				GCC_WARN_UNUSED_VARIABLE = YES;
				IPHONEOS_DEPLOYMENT_TARGET = 13.6;
				MTL_ENABLE_DEBUG_INFO = INCLUDE_SOURCE;
				MTL_FAST_MATH = YES;
				ONLY_ACTIVE_ARCH = YES;
				SDKROOT = iphoneos;
				SWIFT_ACTIVE_COMPILATION_CONDITIONS = DEBUG;
				SWIFT_OPTIMIZATION_LEVEL = "-Onone";
			};
			name = Debug;
		};
		044D8C432561F18400FC4235 /* Release */ = {
			isa = XCBuildConfiguration;
			buildSettings = {
				ALWAYS_SEARCH_USER_PATHS = NO;
				CLANG_ANALYZER_NONNULL = YES;
				CLANG_ANALYZER_NUMBER_OBJECT_CONVERSION = YES_AGGRESSIVE;
				CLANG_CXX_LANGUAGE_STANDARD = "gnu++14";
				CLANG_CXX_LIBRARY = "libc++";
				CLANG_ENABLE_MODULES = YES;
				CLANG_ENABLE_OBJC_ARC = YES;
				CLANG_ENABLE_OBJC_WEAK = YES;
				CLANG_WARN_BLOCK_CAPTURE_AUTORELEASING = YES;
				CLANG_WARN_BOOL_CONVERSION = YES;
				CLANG_WARN_COMMA = YES;
				CLANG_WARN_CONSTANT_CONVERSION = YES;
				CLANG_WARN_DEPRECATED_OBJC_IMPLEMENTATIONS = YES;
				CLANG_WARN_DIRECT_OBJC_ISA_USAGE = YES_ERROR;
				CLANG_WARN_DOCUMENTATION_COMMENTS = YES;
				CLANG_WARN_EMPTY_BODY = YES;
				CLANG_WARN_ENUM_CONVERSION = YES;
				CLANG_WARN_INFINITE_RECURSION = YES;
				CLANG_WARN_INT_CONVERSION = YES;
				CLANG_WARN_NON_LITERAL_NULL_CONVERSION = YES;
				CLANG_WARN_OBJC_IMPLICIT_RETAIN_SELF = YES;
				CLANG_WARN_OBJC_LITERAL_CONVERSION = YES;
				CLANG_WARN_OBJC_ROOT_CLASS = YES_ERROR;
				CLANG_WARN_RANGE_LOOP_ANALYSIS = YES;
				CLANG_WARN_STRICT_PROTOTYPES = YES;
				CLANG_WARN_SUSPICIOUS_MOVE = YES;
				CLANG_WARN_UNGUARDED_AVAILABILITY = YES_AGGRESSIVE;
				CLANG_WARN_UNREACHABLE_CODE = YES;
				CLANG_WARN__DUPLICATE_METHOD_MATCH = YES;
				COPY_PHASE_STRIP = NO;
				DEBUG_INFORMATION_FORMAT = "dwarf-with-dsym";
				ENABLE_NS_ASSERTIONS = NO;
				ENABLE_STRICT_OBJC_MSGSEND = YES;
				GCC_C_LANGUAGE_STANDARD = gnu11;
				GCC_NO_COMMON_BLOCKS = YES;
				GCC_WARN_64_TO_32_BIT_CONVERSION = YES;
				GCC_WARN_ABOUT_RETURN_TYPE = YES_ERROR;
				GCC_WARN_UNDECLARED_SELECTOR = YES;
				GCC_WARN_UNINITIALIZED_AUTOS = YES_AGGRESSIVE;
				GCC_WARN_UNUSED_FUNCTION = YES;
				GCC_WARN_UNUSED_VARIABLE = YES;
				IPHONEOS_DEPLOYMENT_TARGET = 13.6;
				MTL_ENABLE_DEBUG_INFO = NO;
				MTL_FAST_MATH = YES;
				SDKROOT = iphoneos;
				SWIFT_COMPILATION_MODE = wholemodule;
				SWIFT_OPTIMIZATION_LEVEL = "-O";
				VALIDATE_PRODUCT = YES;
			};
			name = Release;
		};
		044D8C452561F18400FC4235 /* Debug */ = {
			isa = XCBuildConfiguration;
			buildSettings = {
				ASSETCATALOG_COMPILER_APPICON_NAME = AppIcon;
				CODE_SIGN_STYLE = Automatic;
				INFOPLIST_FILE = Parstagram/Info.plist;
				LD_RUNPATH_SEARCH_PATHS = (
					"$(inherited)",
					"@executable_path/Frameworks",
				);
				PRODUCT_BUNDLE_IDENTIFIER = com.KhalidIOS.Parstagram;
				PRODUCT_NAME = "$(TARGET_NAME)";
				SWIFT_VERSION = 5.0;
				TARGETED_DEVICE_FAMILY = "1,2";
			};
			name = Debug;
		};
		044D8C462561F18400FC4235 /* Release */ = {
			isa = XCBuildConfiguration;
			buildSettings = {
				ASSETCATALOG_COMPILER_APPICON_NAME = AppIcon;
				CODE_SIGN_STYLE = Automatic;
				INFOPLIST_FILE = Parstagram/Info.plist;
				LD_RUNPATH_SEARCH_PATHS = (
					"$(inherited)",
					"@executable_path/Frameworks",
				);
				PRODUCT_BUNDLE_IDENTIFIER = com.KhalidIOS.Parstagram;
				PRODUCT_NAME = "$(TARGET_NAME)";
				SWIFT_VERSION = 5.0;
				TARGETED_DEVICE_FAMILY = "1,2";
			};
			name = Release;
		};
		044D8C482561F18400FC4235 /* Debug */ = {
			isa = XCBuildConfiguration;
			buildSettings = {
				ALWAYS_EMBED_SWIFT_STANDARD_LIBRARIES = YES;
				BUNDLE_LOADER = "$(TEST_HOST)";
				CODE_SIGN_STYLE = Automatic;
				INFOPLIST_FILE = ParstagramTests/Info.plist;
				IPHONEOS_DEPLOYMENT_TARGET = 13.6;
				LD_RUNPATH_SEARCH_PATHS = (
					"$(inherited)",
					"@executable_path/Frameworks",
					"@loader_path/Frameworks",
				);
				PRODUCT_BUNDLE_IDENTIFIER = com.KhalidIOS.ParstagramTests;
				PRODUCT_NAME = "$(TARGET_NAME)";
				SWIFT_VERSION = 5.0;
				TARGETED_DEVICE_FAMILY = "1,2";
				TEST_HOST = "$(BUILT_PRODUCTS_DIR)/Parstagram.app/Parstagram";
			};
			name = Debug;
		};
		044D8C492561F18400FC4235 /* Release */ = {
			isa = XCBuildConfiguration;
			buildSettings = {
				ALWAYS_EMBED_SWIFT_STANDARD_LIBRARIES = YES;
				BUNDLE_LOADER = "$(TEST_HOST)";
				CODE_SIGN_STYLE = Automatic;
				INFOPLIST_FILE = ParstagramTests/Info.plist;
				IPHONEOS_DEPLOYMENT_TARGET = 13.6;
				LD_RUNPATH_SEARCH_PATHS = (
					"$(inherited)",
					"@executable_path/Frameworks",
					"@loader_path/Frameworks",
				);
				PRODUCT_BUNDLE_IDENTIFIER = com.KhalidIOS.ParstagramTests;
				PRODUCT_NAME = "$(TARGET_NAME)";
				SWIFT_VERSION = 5.0;
				TARGETED_DEVICE_FAMILY = "1,2";
				TEST_HOST = "$(BUILT_PRODUCTS_DIR)/Parstagram.app/Parstagram";
			};
			name = Release;
		};
		044D8C4B2561F18400FC4235 /* Debug */ = {
			isa = XCBuildConfiguration;
			buildSettings = {
				ALWAYS_EMBED_SWIFT_STANDARD_LIBRARIES = YES;
				CODE_SIGN_STYLE = Automatic;
				INFOPLIST_FILE = ParstagramUITests/Info.plist;
				LD_RUNPATH_SEARCH_PATHS = (
					"$(inherited)",
					"@executable_path/Frameworks",
					"@loader_path/Frameworks",
				);
				PRODUCT_BUNDLE_IDENTIFIER = com.KhalidIOS.ParstagramUITests;
				PRODUCT_NAME = "$(TARGET_NAME)";
				SWIFT_VERSION = 5.0;
				TARGETED_DEVICE_FAMILY = "1,2";
				TEST_TARGET_NAME = Parstagram;
			};
			name = Debug;
		};
		044D8C4C2561F18400FC4235 /* Release */ = {
			isa = XCBuildConfiguration;
			buildSettings = {
				ALWAYS_EMBED_SWIFT_STANDARD_LIBRARIES = YES;
				CODE_SIGN_STYLE = Automatic;
				INFOPLIST_FILE = ParstagramUITests/Info.plist;
				LD_RUNPATH_SEARCH_PATHS = (
					"$(inherited)",
					"@executable_path/Frameworks",
					"@loader_path/Frameworks",
				);
				PRODUCT_BUNDLE_IDENTIFIER = com.KhalidIOS.ParstagramUITests;
				PRODUCT_NAME = "$(TARGET_NAME)";
				SWIFT_VERSION = 5.0;
				TARGETED_DEVICE_FAMILY = "1,2";
				TEST_TARGET_NAME = Parstagram;
			};
			name = Release;
		};
/* End XCBuildConfiguration section */

/* Begin XCConfigurationList section */
		044D8C152561F17C00FC4235 /* Build configuration list for PBXProject "Parstagram" */ = {
			isa = XCConfigurationList;
			buildConfigurations = (
				044D8C422561F18400FC4235 /* Debug */,
				044D8C432561F18400FC4235 /* Release */,
			);
			defaultConfigurationIsVisible = 0;
			defaultConfigurationName = Release;
		};
		044D8C442561F18400FC4235 /* Build configuration list for PBXNativeTarget "Parstagram" */ = {
			isa = XCConfigurationList;
			buildConfigurations = (
				044D8C452561F18400FC4235 /* Debug */,
				044D8C462561F18400FC4235 /* Release */,
			);
			defaultConfigurationIsVisible = 0;
			defaultConfigurationName = Release;
		};
		044D8C472561F18400FC4235 /* Build configuration list for PBXNativeTarget "ParstagramTests" */ = {
			isa = XCConfigurationList;
			buildConfigurations = (
				044D8C482561F18400FC4235 /* Debug */,
				044D8C492561F18400FC4235 /* Release */,
			);
			defaultConfigurationIsVisible = 0;
			defaultConfigurationName = Release;
		};
		044D8C4A2561F18400FC4235 /* Build configuration list for PBXNativeTarget "ParstagramUITests" */ = {
			isa = XCConfigurationList;
			buildConfigurations = (
				044D8C4B2561F18400FC4235 /* Debug */,
				044D8C4C2561F18400FC4235 /* Release */,
			);
			defaultConfigurationIsVisible = 0;
			defaultConfigurationName = Release;
		};
/* End XCConfigurationList section */
	};
	rootObject = 044D8C122561F17C00FC4235 /* Project object */;
}
